Microsoft Visual Studio Solution File, Format Version 12.00
# Visual Studio 15
VisualStudioVersion = 15.0.28307.779
MinimumVisualStudioVersion = 10.0.40219.1
Project("{F184B08F-C81C-45F6-A57F-5ABD9991F28F}") = "CTA2045Sim", "CTA2045Sim.vbproj", "{50ADF1E3-8DB5-49C9-B519-BEBA3030B7BD}"
EndProject
Global
	GlobalSection(Performance) = preSolution
		HasPerformanceSessions = true
	EndGlobalSection
	GlobalSection(SolutionConfigurationPlatforms) = preSolution
		Debug|x86 = Debug|x86
		Release|x86 = Release|x86
	EndGlobalSection
	GlobalSection(ProjectConfigurationPlatforms) = postSolution
		{50ADF1E3-8DB5-49C9-B519-BEBA3030B7BD}.Debug|x86.ActiveCfg = Debug|x86
		{50ADF1E3-8DB5-49C9-B519-BEBA3030B7BD}.Debug|x86.Build.0 = Debug|x86
		{50ADF1E3-8DB5-49C9-B519-BEBA3030B7BD}.Release|x86.ActiveCfg = Release|x86
		{50ADF1E3-8DB5-49C9-B519-BEBA3030B7BD}.Release|x86.Build.0 = Release|x86
	EndGlobalSection
	GlobalSection(SolutionProperties) = preSolution
		HideSolutionNode = FALSE
	EndGlobalSection
	GlobalSection(ExtensibilityGlobals) = postSolution
		SolutionGuid = {CEEDAE5B-4E0B-4E25-A1A0-DEC3078070F0}
	EndGlobalSection
EndGlobal
